
Microsoft Visual Studio Solution File, Format Version 12.00
# Visual Studio Version 16
VisualStudioVersion = 16.0.30204.135
MinimumVisualStudioVersion = 10.0.40219.1
Project("{FAE04EC0-301F-11D3-BF4B-00C04F79EFBC}") = "WorkOrders", "WorkOrders\WorkOrders.csproj", "{F964C048-618F-45A1-BF0F-F63D352833AB}"
EndProject
Global
	GlobalSection(SolutionConfigurationPlatforms) = preSolution
		Debug|Any CPU = Debug|Any CPU
		Release|Any CPU = Release|Any CPU
	EndGlobalSection
	GlobalSection(ProjectConfigurationPlatforms) = postSolution
		{F964C048-618F-45A1-BF0F-F63D352833AB}.Debug|Any CPU.ActiveCfg = Debug|Any CPU
		{F964C048-618F-45A1-BF0F-F63D352833AB}.Debug|Any CPU.Build.0 = Debug|Any CPU
		{F964C048-618F-45A1-BF0F-F63D352833AB}.Release|Any CPU.ActiveCfg = Release|Any CPU
		{F964C048-618F-45A1-BF0F-F63D352833AB}.Release|Any CPU.Build.0 = Release|Any CPU
	EndGlobalSection
	GlobalSection(SolutionProperties) = preSolution
		HideSolutionNode = FALSE
	EndGlobalSection
	GlobalSection(ExtensibilityGlobals) = postSolution
		SolutionGuid = {FE9AE684-3FE3-4EE7-8777-44BE4DF80C7E}
	EndGlobalSection
EndGlobal
